version = 1
revision = 5
requires-python = ">=3.8"
resolution-markers = [
    "python_full_version >= '3.15'",
    "python_full_version >= '3.10' and python_full_version < '3.15'",
    "python_full_version == '3.9.*'",
    "python_full_version < '3.9'",
]

[options]
exclude-newer = "0001-01-01T00:00:00Z" # This has no effect and is included for backwards compatibility when using relative exclude-newer values.
exclude-newer-span = "P7D"

[options.exclude-newer-package]
ruff = false

[[package]]
name = "ruff"
version = "0.17.0"
source = { registry = "https://pypi.org/simple" }
sdist = { url = "https://files.pythonhosted.org/packages/e9/a7/70debb024dfacda67b8e560cc7511f52b34b9348a8cc8c1ec23036dcd51d/ruff-0.17.0.tar.gz", hash = "sha256:5cd03240d8208a557c2a9655a5cb07ebe36aa6bb35065f97d48c1f6adef5a322", size = 5320554, upload-time = "2026-10-09T19:47:29.248Z" }
wheels = [
    { url = "https://files.pythonhosted.org/packages/bc/f8/ee5ab9da6089eae2a33e6008b01deb1eda19992c1c8e10661e98cee1640f/ruff-0.17.0-py3-none-linux_armv6l.whl", hash = "sha256:0e271826af9a20d18c6cfae8c51e82959167c24859686ddd3eb9a7f0842ce81e", size = 10148907, upload-time = "2026-10-09T19:46:38.695Z" },
    { url = "https://files.pythonhosted.org/packages/9f/d9/2f81fb5a9d580afbb11b1c8ff915233a11f2a1b27405d7991f183c5e1976/ruff-0.17.0-py3-none-macosx_10_12_x86_64.whl", hash = "sha256:5f0ca4a40f81403689c04f12966e22f44e329ae362072d8f1587b7bda87f603b", size = 10224208, upload-time = "2026-10-09T19:46:41.711Z" },
    { url = "https://files.pythonhosted.org/packages/a7/20/643f3c8f75594f937b2bf74801241c56a2e2b8e139d24dff8b66b28cdd7f/ruff-0.17.0-py3-none-macosx_11_0_arm64.whl", hash = "sha256:cbf7149e0927dc3295d5d64679a4765576eef71b00782b2ae969ef82274d6bb9", size = 9273324, upload-time = "2026-10-09T19:46:44.323Z" },
    { url = "https://files.pythonhosted.org/packages/ec/91/627700b233d367736cb274f1bd0b47d1f2b12f68878192812bd875adadc3/ruff-0.17.0-py3-none-manylinux_2_17_aarch64.manylinux2014_aarch64.whl", hash = "sha256:13ee90156522998c3037059d8f66885c8adeeaf7643bdce2caceee196ecd23e0", size = 9953190, upload-time = "2026-10-09T19:46:47.155Z" },
    { url = "https://files.pythonhosted.org/packages/cd/92/91f7b5ed39490f89d6cbf56e1f543c383667a725efa8e2c2dee0f01f5591/ruff-0.17.0-py3-none-manylinux_2_17_armv7l.manylinux2014_armv7l.whl", hash = "sha256:3d8e4a002a94cd9d0dc48b51dc69d807a172b5b9bf2b668e656424dc5b55ead1", size = 9961746, upload-time = "2026-10-09T19:46:50.098Z" },
    { url = "https://files.pythonhosted.org/packages/87/c5/7310f9fc63ce11ff6394edbd5e85433dfb0e14c9fbf6ccc97f1538491bc7/ruff-0.17.0-py3-none-manylinux_2_17_i686.manylinux2014_i686.whl", hash = "sha256:c0b8a60c06a218c337e1161638d34757f83449243e2db161483ddf948e53ad14", size = 10625483, upload-time = "2026-10-09T19:46:53.379Z" },
    { url = "https://files.pythonhosted.org/packages/a5/8d/97443f0dca4a03a0bc7629fd396fd494a1cb6666121e38c5075acb217d8f/ruff-0.17.0-py3-none-manylinux_2_17_ppc64le.manylinux2014_ppc64le.whl", hash = "sha256:a330178bdffc4205dbf3bda11d93e059e388fd6546f8cdd304501a9160363c0d", size = 11350129, upload-time = "2026-10-09T19:46:56.486Z" },
    { url = "https://files.pythonhosted.org/packages/9c/0a/c525efd9777be4b6b012e6969a3012648468e7e6c4b3e5b46af69f46e8eb/ruff-0.17.0-py3-none-manylinux_2_17_s390x.manylinux2014_s390x.whl", hash = "sha256:7bb08489e234876fa2da67ae3ea938e9a2156da80293e0e4365abd6973d98329", size = 10906223, upload-time = "2026-10-09T19:47:00.263Z" },
    { url = "https://files.pythonhosted.org/packages/2c/3c/4a01195d93420cad1175bedad13a515dc8a56f95a6e39789b92e582682f5/ruff-0.17.0-py3-none-manylinux_2_17_x86_64.manylinux2014_x86_64.whl", hash = "sha256:bc73e7c133e82d55b5f15897b2a442d72c0cb4a0c886c46801ce3c247150b60c", size = 10386314, upload-time = "2026-10-09T19:47:03.057Z" },
    { url = "https://files.pythonhosted.org/packages/c7/72/1a3951665485a921f6375f91e754a1854d5a645d41acc3642668064ff64d/ruff-0.17.0-py3-none-manylinux_2_31_riscv64.whl", hash = "sha256:db4f74c533403ab70fe4007873f6ae0c9f94a8b03158cf48d78788e47cdbe399", size = 10565464, upload-time = "2026-10-09T19:47:05.831Z" },
    { url = "https://files.pythonhosted.org/packages/90/8c/539b4d8c082f57e18db8ae2be85a460d77861c79dcd5798e32b536a6a06f/ruff-0.17.0-py3-none-musllinux_1_2_aarch64.whl", hash = "sha256:3d8cc360e666d1914e47b0777c6906d70cf18891a55532bd0a16844195d70859", size = 10079468, upload-time = "2026-10-09T19:47:08.617Z" },
    { url = "https://files.pythonhosted.org/packages/e0/b8/84286966db79434e8c26b585b0a0f6897cb3ab1c51a4aa4df10c28488b62/ruff-0.17.0-py3-none-musllinux_1_2_armv7l.whl", hash = "sha256:d66de796b726c4801e05fa99a2a8d7a780e107be222486c304ab61765561e866", size = 9958556, upload-time = "2026-10-09T19:47:11.324Z" },
    { url = "https://files.pythonhosted.org/packages/69/50/27b6eed27b83fcdd5bfa0d52b83231e29094754374698da404d094487ae3/ruff-0.17.0-py3-none-musllinux_1_2_i686.whl", hash = "sha256:c3f268baf004aea944f040623327119527ea231af15f7fb7890e82cea0679589", size = 10352173, upload-time = "2026-10-09T19:47:14.188Z" },
    { url = "https://files.pythonhosted.org/packages/2a/fa/955399fd13044cd827862044117d784a59e3196f6cce7424908ac9a7f914/ruff-0.17.0-py3-none-musllinux_1_2_x86_64.whl", hash = "sha256:864b6c1acb6b0bccf94b5a3938a1531fd09aaca5e5659a2e7bf0f3cf2a685540", size = 10791761, upload-time = "2026-10-09T19:47:16.931Z" },
    { url = "https://files.pythonhosted.org/packages/ae/bf/024e01e1f6aec87768696725e648ed5b438941341eea8f8100beb681961f/ruff-0.17.0-py3-none-win32.whl", hash = "sha256:5e50aa5b84decd9fe5b0bb0e6f71c3b592f1767ed09faa4b7207d933961e35cd", size = 9904112, upload-time = "2026-10-09T19:47:19.75Z" },
    { url = "https://files.pythonhosted.org/packages/cc/77/1ee73df41dcc8d1cdb686ee4bc46ea29704ea175feb6b95c78420f631ab8/ruff-0.17.0-py3-none-win_amd64.whl", hash = "sha256:8ab76bcda86dfd28e13776cb5de3c7bcdcf1ae3d37ed761113d1a5a415dc134c", size = 10115585, upload-time = "2026-10-09T19:47:22.698Z" },
    { url = "https://files.pythonhosted.org/packages/fd/71/eb4f0ccc844aece56963e8578df9c95d4c00f580547d52329d4035d3af18/ruff-0.17.0-py3-none-win_arm64.whl", hash = "sha256:c154c73ff43f9854395e24cac507af13078962e53d2b511605058d22af1fdb88", size = 9872035, upload-time = "2026-10-09T19:47:26.306Z" },
]

[[package]]
name = "ruff-vscode"
version = "2026.86.0"
source = { virtual = "." }
dependencies = [
    { name = "ruff" },
]

[package.dev-dependencies]
dev = [
    { name = "ruff" },
    { name = "ty" },
    { name = "uv" },
]

[package.metadata]
requires-dist = [{ name = "ruff", specifier = "==0.17.0" }]

[package.metadata.requires-dev]
dev = [
    { name = "ruff", specifier = ">=0.16.2" },
    { name = "ty", specifier = ">=0.0.69" },
    { name = "uv", specifier = ">=0.12.3" },
]

[[package]]
name = "ty"
version = "0.0.70"
source = { registry = "https://pypi.org/simple" }
sdist = { url = "https://files.pythonhosted.org/packages/58/ed/38a8ab52f1d7c3ed701442a31b23ba774cbc5d6909f2c00da9e1f3c590f9/ty-0.0.70.tar.gz", hash = "sha256:a01bebc128b4081c16002965d906fccb21323d69bb709b9108c1f2406bcffced", size = 6601156, upload-time = "2026-08-10T23:20:26.268Z" }
wheels = [
    { url = "https://files.pythonhosted.org/packages/3d/c5/ddd6cc5657fd3da85591b264f4dabb1ce5e5b535e73fd5174991c294978b/ty-0.0.70-py3-none-linux_armv6l.whl", hash = "sha256:4fb2d2e55e2160c07152361be2e1a26fdd4f6261055731317d5972daf1749935", size = 12537215, upload-time = "2026-08-10T23:19:43.512Z" },
    { url = "https://files.pythonhosted.org/packages/8b/8a/acc9b34331cde81e0d63cda92d4db9e4042def5b1efa7d47431ff1d30d17/ty-0.0.70-py3-none-macosx_10_12_x86_64.whl", hash = "sha256:9b04d4c21cb029501c05598ca21e9c0829c0b2e35a7ceba1e5b78014c1e8104d", size = 12149070, upload-time = "2026-08-10T23:19:46.369Z" },
    { url = "https://files.pythonhosted.org/packages/fd/cd/51ac2708f4d077058a0bfeefa40d630883c5ec7a82fd2c15c86519140235/ty-0.0.70-py3-none-macosx_11_0_arm64.whl", hash = "sha256:c605ebf2643f5e64ec4bcb269640a1aa85966d29fa888fb746039c28570369b2", size = 11625729, upload-time = "2026-08-10T23:19:48.535Z" },
    { url = "https://files.pythonhosted.org/packages/b7/99/afc4fe7e630100dc782ff0cdc8c59c01acfb05299551ff0ef49c93814320/ty-0.0.70-py3-none-manylinux_2_17_aarch64.manylinux2014_aarch64.whl", hash = "sha256:0c38ea76e12909c29e18fcd295ff223b63f3701c1d1c34db2cdc9736340b9de2", size = 12204810, upload-time = "2026-08-10T23:19:51.845Z" },
    { url = "https://files.pythonhosted.org/packages/ca/38/8cabc3c8ad4c3a02e585ecff12a71ff8e5881f8a00ee71745fd765201da5/ty-0.0.70-py3-none-manylinux_2_17_armv7l.manylinux2014_armv7l.whl", hash = "sha256:c1ee6bf4edaabf7bd0307f0c0f9ddc2204df0390820fe89f6a9de65f07722aba", size = 12308114, upload-time = "2026-08-10T23:19:54.229Z" },
    { url = "https://files.pythonhosted.org/packages/44/7e/bb4e552ecd68bb490bae9368ef323e3d0c79ef85a811857139a2d0f59ddb/ty-0.0.70-py3-none-manylinux_2_17_i686.manylinux2014_i686.whl", hash = "sha256:5eef3e11d7d6b800ef66da0cce8ea24f8be804d1ebf359683426cfe848729bf8", size = 13072240, upload-time = "2026-08-10T23:19:56.872Z" },
    { url = "https://files.pythonhosted.org/packages/f6/c4/1861e1d554e5b6e0d11b3a9f36d40c372253f44a3c4e56ad4bf840f2801e/ty-0.0.70-py3-none-manylinux_2_17_ppc64le.manylinux2014_ppc64le.whl", hash = "sha256:a95e4ae7c2599197c9d89652e49ca344ab224f7d12376e6ad8beb0587e8ff83f", size = 13497678, upload-time = "2026-08-10T23:19:59.191Z" },
    { url = "https://files.pythonhosted.org/packages/77/22/3b22442133e8f641485e59e463a070a31184db0d6456851f871db8f59763/ty-0.0.70-py3-none-manylinux_2_17_s390x.manylinux2014_s390x.whl", hash = "sha256:06aca758d1e0016c0a1f57fe9d8de7a21ff83f692306f747a0d97f32de24e27f", size = 13232510, upload-time = "2026-08-10T23:20:01.456Z" },
    { url = "https://files.pythonhosted.org/packages/84/b8/911f1e6885b5485b6e1d29aaab19ce5e6deeb3e931b6ad82296da4f22051/ty-0.0.70-py3-none-manylinux_2_17_x86_64.manylinux2014_x86_64.whl", hash = "sha256:d81825524f1b57ecbcb5fce7d61fb159cb4837a6167a4569309c9fa7fc15a77d", size = 12817128, upload-time = "2026-08-10T23:20:04.275Z" },
    { url = "https://files.pythonhosted.org/packages/e6/a6/9affc3ca11c32d75b348a66144ab83335fa7fa7100b1581356725e15a668/ty-0.0.70-py3-none-manylinux_2_31_riscv64.whl", hash = "sha256:3287dfb09f7320ef28f114f5f9aae5f697b7b1a6ee37fb2a4a3be94481c1b4f8", size = 13089208, upload-time = "2026-08-10T23:20:06.574Z" },
    { url = "https://files.pythonhosted.org/packages/f0/cb/4776108ea08ec4013b71375b101be9c8a632967cd10f24abbdd4664d66f4/ty-0.0.70-py3-none-musllinux_1_2_aarch64.whl", hash = "sha256:9fb1877f6401cdaac4db46c5bf762f327482ba5f891420ea462ebd15d0de4185", size = 12148890, upload-time = "2026-08-10T23:20:08.827Z" },
    { url = "https://files.pythonhosted.org/packages/c9/d9/814e71f698d9231ef6412bd2c1499d81c6f86f66c2764e952c991e2d6da5/ty-0.0.70-py3-none-musllinux_1_2_armv7l.whl", hash = "sha256:e78f4997dbb0db2d2270210eb3694466206e5b3a11985e24148770e702158a25", size = 12327084, upload-time = "2026-08-10T23:20:11.023Z" },
    { url = "https://files.pythonhosted.org/packages/3b/69/9f34bba534c5d1ace391d300ead4f1971f4348c5459e66dc466cfd60661c/ty-0.0.70-py3-none-musllinux_1_2_i686.whl", hash = "sha256:cf758d3b2dad910c9b1d22d2d62fea894b5bc9acd3c00365e8a73ace6090a452", size = 12604372, upload-time = "2026-08-10T23:20:13.366Z" },
    { url = "https://files.pythonhosted.org/packages/fe/ff/abb34674517b29a8e2489a39c4e01930fcf6aab993a7d6b33aa97f119117/ty-0.0.70-py3-none-musllinux_1_2_x86_64.whl", hash = "sha256:0d338761617279a4fb6a83e7fad7e21126394637b8c45e13e196b2bb675f39b2", size = 12917800, upload-time = "2026-08-10T23:20:15.841Z" },
    { url = "https://files.pythonhosted.org/packages/a4/1a/f8289572f4fad5cb16c883b94638548166bc78cf3eb569f0cd9199eb10a0/ty-0.0.70-py3-none-win32.whl", hash = "sha256:a45642cf09dde91f0a3ce9b9e6fffda9779ff69d73f7347c18acf4fb45007c07", size = 11921482, upload-time = "2026-08-10T23:20:18.244Z" },
    { url = "https://files.pythonhosted.org/packages/17/ae/8739d7618b4670c3ee4f52d641d53be87928bd121d8bda9c0e3450500b75/ty-0.0.70-py3-none-win_amd64.whl", hash = "sha256:33e7941a926cf39b82553911a59a6ed68ec98c3d3d5a415df633f4d1cd051e6c", size = 12986994, upload-time = "2026-08-10T23:20:20.53Z" },
    { url = "https://files.pythonhosted.org/packages/f1/44/2bc3301ba4356ad8866daac9f8cfb3687953e52d076ea204f113b9304c42/ty-0.0.70-py3-none-win_arm64.whl", hash = "sha256:0d380f735d52b1d4b773193f8f5c58c065725eab1ebb0008d38a7b830de14f47", size = 12301082, upload-time = "2026-08-10T23:20:23.816Z" },
]

[[package]]
name = "uv"
version = "0.12.3"
source = { registry = "https://pypi.org/simple" }
sdist = { url = "https://files.pythonhosted.org/packages/3c/fa/19a665278931fca142cf1c21927b18b36cffb5fd137bf5228f937a977f84/uv-0.12.3.tar.gz", hash = "sha256:1eb3fea456aea47489d92e10451c9129b7dd9fd8854c4eb17020ba68489d5d9a", size = 5877698, upload-time = "2026-08-07T16:33:32.486Z" }
wheels = [
    { url = "https://files.pythonhosted.org/packages/0e/b1/eabb1f57339a63630a9b195f8bcdbcca101f4f5cbc5556e6f592d6049d80/uv-0.12.3-py3-none-linux_armv6l.whl", hash = "sha256:0c0561cd369002a5968e138ea477e86507a337b3ede44f441c90d85ed2f54714", size = 21777249, upload-time = "2026-08-07T16:32:18.631Z" },
    { url = "https://files.pythonhosted.org/packages/ed/52/7d23602e140bdd5bb25ffa8bf3943a86688e8cd558a9894dfbb83728e943/uv-0.12.3-py3-none-macosx_10_12_x86_64.whl", hash = "sha256:0550669163cc67d5a7dc8e1702bc011e4a075a4ae52ad50891be654fc6635e0d", size = 20081726, upload-time = "2026-08-07T16:32:23.182Z" },
    { url = "https://files.pythonhosted.org/packages/e4/66/ba257c91d69921d773f523c9e4c3ffb04e233694c415517f5ef797403a4f/uv-0.12.3-py3-none-macosx_11_0_arm64.whl", hash = "sha256:7c99f2524fe4b11d74dec85cef9b4d8b725d142dec04cd237f1c06fbdae1ee54", size = 18426262, upload-time = "2026-08-07T16:32:27.55Z" },
    { url = "https://files.pythonhosted.org/packages/c4/e4/7e93226f4f33c3cc25dc942056f46be9c48e846338f8644a700123726dc8/uv-0.12.3-py3-none-manylinux_2_17_aarch64.manylinux2014_aarch64.musllinux_1_1_aarch64.whl", hash = "sha256:ac21bea426ddf95fa76d8dc1f67350faed7b4a81951825cf2aaef99fc4144815", size = 21156889, upload-time = "2026-08-07T16:32:31.447Z" },
    { url = "https://files.pythonhosted.org/packages/bd/b7/2504476931b7102cc6bfec5289efefe1279fe03964cb8ad7113691372605/uv-0.12.3-py3-none-manylinux_2_17_armv7l.manylinux2014_armv7l.musllinux_1_1_armv7l.whl", hash = "sha256:1e569258e17a536c1bd90a68935dc8250b0ecc81ba80efd814ed169c33de0f93", size = 21319192, upload-time = "2026-08-07T16:32:35.638Z" },
    { url = "https://files.pythonhosted.org/packages/e3/83/e9a93bf4d737bf00d7fa4e2a82ed0ed23bc30d44262127f5f8b9a4dd9150/uv-0.12.3-py3-none-manylinux_2_17_armv7l.manylinux2014_armv7l.whl", hash = "sha256:6c8e5a2d2ce4ea511293f919357c427dab0f12104ebfdd6602727f5c38958c22", size = 21334826, upload-time = "2026-08-07T16:32:40.034Z" },
    { url = "https://files.pythonhosted.org/packages/5a/ef/19215f66a02451ca2698062e98690d5f2a7e65574104ba04c188c4b59c70/uv-0.12.3-py3-none-manylinux_2_17_i686.manylinux2014_i686.whl", hash = "sha256:115e96e176fa3525ffb999572ec6041b915f15189403613ccefcc1f128f0ea0c", size = 22014926, upload-time = "2026-08-07T16:32:44.159Z" },
    { url = "https://files.pythonhosted.org/packages/7c/a3/38526a97a5d376c59955025e54740ae35a4c7d8d80c6dfbee13fae588964/uv-0.12.3-py3-none-manylinux_2_17_ppc64le.manylinux2014_ppc64le.whl", hash = "sha256:913dc068e906f459df892cac789e6e9e10ac9d6af0bbb3c36fcc09347b0c986c", size = 23248637, upload-time = "2026-08-07T16:32:48.342Z" },
    { url = "https://files.pythonhosted.org/packages/38/63/a7a98d075383669b6a3ff4ca410cb9c18b6d0921df1c524bd0859a8474fe/uv-0.12.3-py3-none-manylinux_2_17_s390x.manylinux2014_s390x.whl", hash = "sha256:77fa7f501baa7c4d097b0c424914d7924db8e54f882c4f40056228ecf56feb98", size = 22929428, upload-time = "2026-08-07T16:32:52.452Z" },
    { url = "https://files.pythonhosted.org/packages/8d/c4/97fdd4fca11d06633bb500849f70e4e6b201bcba3833894732e709be2d60/uv-0.12.3-py3-none-manylinux_2_17_x86_64.manylinux2014_x86_64.whl", hash = "sha256:1482d1462b1aecd18ee33627363fe1c63d6a194f12d40d37efc446d9e0d800a1", size = 22346263, upload-time = "2026-08-07T16:32:56.563Z" },
    { url = "https://files.pythonhosted.org/packages/c4/46/ab0906c8c3b6eeaf2412ab5af6077a38930db90e2c99c1b82e066f240a81/uv-0.12.3-py3-none-manylinux_2_28_aarch64.whl", hash = "sha256:248b6b282f96f98d79dddecd1b2acd1893efd84667321f26703feffff6433211", size = 21288225, upload-time = "2026-08-07T16:33:00.578Z" },
    { url = "https://files.pythonhosted.org/packages/2e/0f/f40530b0b336212fff1bc50887d263a9f03d8859e6c1c5210e11d104df10/uv-0.12.3-py3-none-manylinux_2_31_riscv64.musllinux_1_1_riscv64.whl", hash = "sha256:9201c7a1edadb07f64b695f17eac9db2d264eeb4b888c195aa11e7908d0ebf41", size = 21981757, upload-time = "2026-08-07T16:33:05.101Z" },
    { url = "https://files.pythonhosted.org/packages/0a/cf/240a3bebd15be490f867e155aa59522889d8d6310985421902f87d1fad99/uv-0.12.3-py3-none-manylinux_2_31_riscv64.whl", hash = "sha256:6114afd294411995a761c4cde0b721d550ff6d2fc2312046e8403eca6adacda5", size = 22117547, upload-time = "2026-08-07T16:33:09.124Z" },
    { url = "https://files.pythonhosted.org/packages/2f/da/fb143759f86b260f20634e11a27b9312eb6ff9c43c6756102e82875cd82d/uv-0.12.3-py3-none-musllinux_1_1_i686.whl", hash = "sha256:ba034f32abf966a101cf2434455faaf8d54dfacfff0d4b4c70d673f36e985728", size = 21255639, upload-time = "2026-08-07T16:33:13.38Z" },
    { url = "https://files.pythonhosted.org/packages/91/40/c1e0b626919792bf66847429d0c0bbf580a5f148a37268c10d9132f4871a/uv-0.12.3-py3-none-musllinux_1_1_x86_64.whl", hash = "sha256:13535c7d40faa7821c3763f5b6c605eef8556ea16277dc1a07a21203fd3c19e4", size = 22560342, upload-time = "2026-08-07T16:33:17.484Z" },
    { url = "https://files.pythonhosted.org/packages/fa/bf/246d088b4baf0239c8a06afa0ce155ce460942d08a9ac505fac5d0f99fe1/uv-0.12.3-py3-none-win32.whl", hash = "sha256:67b639a56dd36193b55a3bcea10f9dffcab37ed3c1eb26e964e52896df0bb205", size = 19420018, upload-time = "2026-08-07T16:33:21.544Z" },
    { url = "https://files.pythonhosted.org/packages/59/ed/3f816f972357578f1a21afdff8af9c93e87416afd0e150fc60be7eb280ab/uv-0.12.3-py3-none-win_amd64.whl", hash = "sha256:aeafd6e02b9a8d8beb447040bfc57ab172bdf244208f7147b4f7bbc327135797", size = 20215028, upload-time = "2026-08-07T16:33:25.751Z" },
    { url = "https://files.pythonhosted.org/packages/ff/63/0b08bf418b4d00e911465ad24a5f09040cc51247c362ffe56f859173e99f/uv-0.12.3-py3-none-win_arm64.whl", hash = "sha256:59121ef7217567adf4af41f7d3b04e42abb0c6a11bc87c930b838f9354f9c651", size = 19120228, upload-time = "2026-08-07T16:33:29.609Z" },
]
