version = 1
revision = 3
requires-python = ">=3.8"
resolution-markers = [
    "python_full_version >= '3.15'",
    "python_full_version >= '3.10' and python_full_version < '3.15'",
    "python_full_version == '3.9.*'",
    "python_full_version < '3.9'",
]

[options]
exclude-newer = "0001-01-01T00:00:00Z" # This has no effect and is included for backwards compatibility when using relative exclude-newer values.
exclude-newer-span = "P7D"

[options.exclude-newer-package]
ruff = false

[[package]]
name = "ruff"
version = "0.16.7"
source = { registry = "https://pypi.org/simple" }
sdist = { url = "https://files.pythonhosted.org/packages/82/bb/5a449b9162e49b139d72f61672bd3ac1d790221f796d3304e2241fff4c58/ruff-0.16.7.tar.gz", hash = "sha256:5f71d004ac1263b22fa39462ac5ae618a4b77d58981af2cc79bf79a29c12b1a6", size = 4924184, upload-time = "2026-09-10T18:04:06.336Z" }
wheels = [
    { url = "https://files.pythonhosted.org/packages/e3/b2/c80aeeb7f9e469c0d63a85d2f1ab6e1ebfbe10ea7a8d2438b7e09e3ff09e/ruff-0.16.7-py3-none-linux_armv6l.whl", hash = "sha256:727307773e7c7f9181d3ed3a2484186e56c1fa1874255911c74585eb2c7c19f9", size = 10048917, upload-time = "2026-09-10T18:03:30.28Z" },
    { url = "https://files.pythonhosted.org/packages/7b/96/20bb7bcae008004df52afcb7ac83432d4a467f2c17b672fe46d26be231c5/ruff-0.16.7-py3-none-macosx_10_12_x86_64.whl", hash = "sha256:9d61c258deabf58f34c67bd4bb4d939c7f2e6b5f0e59c1cdd1cf771b11cde929", size = 10242929, upload-time = "2026-09-10T18:03:32.706Z" },
    { url = "https://files.pythonhosted.org/packages/90/b2/f184b0d5abec02db69cfd7e49b688ae0237554528ca777136c613bf36bee/ruff-0.16.7-py3-none-macosx_11_0_arm64.whl", hash = "sha256:7ab81118df8945e0193d0240712aa4496573595b75185c3636ed825592a0f728", size = 9847245, upload-time = "2026-09-10T18:03:34.509Z" },
    { url = "https://files.pythonhosted.org/packages/eb/2d/db1633a641866ed801e34cc6b60ef236c5e16f9b2124ab1d49cc24a5fe4f/ruff-0.16.7-py3-none-manylinux_2_17_aarch64.manylinux2014_aarch64.whl", hash = "sha256:4c196c968874fc8019da8e7163de7a1a370f111e2309b4b7dfea0fce950198d0", size = 9961780, upload-time = "2026-09-10T18:03:36.618Z" },
    { url = "https://files.pythonhosted.org/packages/4d/98/edea21e1a3e38dbbc3bf6bb068b863b3b06184cf8533a4c7dbbe208a89d5/ruff-0.16.7-py3-none-manylinux_2_17_armv7l.manylinux2014_armv7l.whl", hash = "sha256:ac8c3bd0a7e10ad31e6ce51e7a99f3cb772e69aecdd6b9ea7e99b362f62a62c0", size = 9866337, upload-time = "2026-09-10T18:03:38.805Z" },
    { url = "https://files.pythonhosted.org/packages/0b/11/a15e60d4c87b214646f116ca9d204475bf993ee1047459bc9a360fd4d6d1/ruff-0.16.7-py3-none-manylinux_2_17_i686.manylinux2014_i686.whl", hash = "sha256:398d3988edde000b5c75dc1b3f584708da9bc990de069c18909142580fec1af9", size = 10562512, upload-time = "2026-09-10T18:03:40.71Z" },
    { url = "https://files.pythonhosted.org/packages/29/42/eaff4c9b6d0c7cdf56df313a17e89ae854f5bbc0b0c8f9cce19be0ab7a8f/ruff-0.16.7-py3-none-manylinux_2_17_ppc64le.manylinux2014_ppc64le.whl", hash = "sha256:ce05b62b770a8217c4646a9c4139fca00efe8fe5d71f87df2b243ff20d4584d1", size = 11302938, upload-time = "2026-09-10T18:03:42.607Z" },
    { url = "https://files.pythonhosted.org/packages/5d/43/c75aa59a4ec181fe2ec06cab30e198c1c6d107229a9f008ae3a7c16cabd8/ruff-0.16.7-py3-none-manylinux_2_17_s390x.manylinux2014_s390x.whl", hash = "sha256:af1b576fddb9d9ef2ececfb5fadcd6a624b25070ed85e3cfcfe449fc3ff6a7b9", size = 10840857, upload-time = "2026-09-10T18:03:44.604Z" },
    { url = "https://files.pythonhosted.org/packages/21/33/81f3da371942ea031105ba679d8d6e28ec1660ccd690a45f42d381161356/ruff-0.16.7-py3-none-manylinux_2_17_x86_64.manylinux2014_x86_64.whl", hash = "sha256:9ce7f8f22df67c93ed96c717f9128eadb797144ac2bad475cf536f31d6100c55", size = 10370001, upload-time = "2026-09-10T18:03:46.706Z" },
    { url = "https://files.pythonhosted.org/packages/fa/0b/6345fb4dbf6dd0ed1cfe5d18391dc9c3f59cc81622a7b0a65b84b3e730ba/ruff-0.16.7-py3-none-manylinux_2_31_riscv64.whl", hash = "sha256:06d0e93d04f392996435ebd600c153f65b47d73fbec2415aa99c5ee5756b3a5f", size = 10548735, upload-time = "2026-09-10T18:03:48.658Z" },
    { url = "https://files.pythonhosted.org/packages/3f/4d/c5576adf511f92a328e5569dda190ecdd430da51f1a649f3a4a2fd73e21e/ruff-0.16.7-py3-none-musllinux_1_2_aarch64.whl", hash = "sha256:142151a5e7b93c1b11111337142f89dd2fbfee92161225c99a97222f22e32656", size = 10108496, upload-time = "2026-09-10T18:03:50.563Z" },
    { url = "https://files.pythonhosted.org/packages/ff/8c/667d83c16199a17a56adc6b0bd4c3beb5b767a2babcd16a56f76f9be7fd6/ruff-0.16.7-py3-none-musllinux_1_2_armv7l.whl", hash = "sha256:e6651f97a342d8b35d54d8991544ca22169b86dc54111cb604666940c431b750", size = 9860136, upload-time = "2026-09-10T18:03:52.621Z" },
    { url = "https://files.pythonhosted.org/packages/99/75/78d401106731999a1dd20cc5a6961e37e1eb9397a3b589f73f3a5ce146a3/ruff-0.16.7-py3-none-musllinux_1_2_i686.whl", hash = "sha256:ef140c6eb935fa9a84c9c607dfb2cb1b85843c192e79265b0c54f35f557ea8e5", size = 10286290, upload-time = "2026-09-10T18:03:55.207Z" },
    { url = "https://files.pythonhosted.org/packages/68/49/56f9c3a8b755df93a0ad318b2147bf4ef5dae9a7e5ec61c460109c67957f/ruff-0.16.7-py3-none-musllinux_1_2_x86_64.whl", hash = "sha256:53e39506a730fadeee0d998ed5946f30671f0db240c6c7c73bdabbe33604bb6f", size = 10745048, upload-time = "2026-09-10T18:03:57.299Z" },
    { url = "https://files.pythonhosted.org/packages/5f/ea/7f9b938a63ece4bec677ad7f9f7fa02df3383db1949ed93a382441c09a87/ruff-0.16.7-py3-none-win32.whl", hash = "sha256:2ea3470fcebcbc5df2fb0c6f3b90333fa9084c534e0111c038fa4a6ab9f1c4b7", size = 10059082, upload-time = "2026-09-10T18:03:59.632Z" },
    { url = "https://files.pythonhosted.org/packages/39/11/480a6973a927aa653e1cead6a6416008640e03a99d05b34c0434b8c6c366/ruff-0.16.7-py3-none-win_amd64.whl", hash = "sha256:7ac26aca826e9e21d0f1cb25b54ac660760a9fdd094d3e4df9848232be98cfc6", size = 10593368, upload-time = "2026-09-10T18:04:01.999Z" },
    { url = "https://files.pythonhosted.org/packages/8b/4b/51327018d056f0dad2c2238f26d1fb0f53707a9d91b75dea6d1b3039f136/ruff-0.16.7-py3-none-win_arm64.whl", hash = "sha256:aab7f39e2c9df6c596216070f98eef1207b94f8516cca20c808826974971855b", size = 10412401, upload-time = "2026-09-10T18:04:04.098Z" },
]

[[package]]
name = "ruff-vscode"
version = "2026.80.0"
source = { virtual = "." }
dependencies = [
    { name = "ruff" },
]

[package.dev-dependencies]
dev = [
    { name = "ruff" },
    { name = "ty" },
    { name = "uv" },
]

[package.metadata]
requires-dist = [{ name = "ruff", specifier = "==0.16.7" }]

[package.metadata.requires-dev]
dev = [
    { name = "ruff", specifier = ">=0.16.2" },
    { name = "ty", specifier = ">=0.0.69" },
    { name = "uv", specifier = ">=0.12.3" },
]

[[package]]
name = "ty"
version = "0.0.70"
source = { registry = "https://pypi.org/simple" }
sdist = { url = "https://files.pythonhosted.org/packages/58/ed/38a8ab52f1d7c3ed701442a31b23ba774cbc5d6909f2c00da9e1f3c590f9/ty-0.0.70.tar.gz", hash = "sha256:a01bebc128b4081c16002965d906fccb21323d69bb709b9108c1f2406bcffced", size = 6601156, upload-time = "2026-08-10T23:20:26.268Z" }
wheels = [
    { url = "https://files.pythonhosted.org/packages/3d/c5/ddd6cc5657fd3da85591b264f4dabb1ce5e5b535e73fd5174991c294978b/ty-0.0.70-py3-none-linux_armv6l.whl", hash = "sha256:4fb2d2e55e2160c07152361be2e1a26fdd4f6261055731317d5972daf1749935", size = 12537215, upload-time = "2026-08-10T23:19:43.512Z" },
    { url = "https://files.pythonhosted.org/packages/8b/8a/acc9b34331cde81e0d63cda92d4db9e4042def5b1efa7d47431ff1d30d17/ty-0.0.70-py3-none-macosx_10_12_x86_64.whl", hash = "sha256:9b04d4c21cb029501c05598ca21e9c0829c0b2e35a7ceba1e5b78014c1e8104d", size = 12149070, upload-time = "2026-08-10T23:19:46.369Z" },
    { url = "https://files.pythonhosted.org/packages/fd/cd/51ac2708f4d077058a0bfeefa40d630883c5ec7a82fd2c15c86519140235/ty-0.0.70-py3-none-macosx_11_0_arm64.whl", hash = "sha256:c605ebf2643f5e64ec4bcb269640a1aa85966d29fa888fb746039c28570369b2", size = 11625729, upload-time = "2026-08-10T23:19:48.535Z" },
    { url = "https://files.pythonhosted.org/packages/b7/99/afc4fe7e630100dc782ff0cdc8c59c01acfb05299551ff0ef49c93814320/ty-0.0.70-py3-none-manylinux_2_17_aarch64.manylinux2014_aarch64.whl", hash = "sha256:0c38ea76e12909c29e18fcd295ff223b63f3701c1d1c34db2cdc9736340b9de2", size = 12204810, upload-time = "2026-08-10T23:19:51.845Z" },
    { url = "https://files.pythonhosted.org/packages/ca/38/8cabc3c8ad4c3a02e585ecff12a71ff8e5881f8a00ee71745fd765201da5/ty-0.0.70-py3-none-manylinux_2_17_armv7l.manylinux2014_armv7l.whl", hash = "sha256:c1ee6bf4edaabf7bd0307f0c0f9ddc2204df0390820fe89f6a9de65f07722aba", size = 12308114, upload-time = "2026-08-10T23:19:54.229Z" },
    { url = "https://files.pythonhosted.org/packages/44/7e/bb4e552ecd68bb490bae9368ef323e3d0c79ef85a811857139a2d0f59ddb/ty-0.0.70-py3-none-manylinux_2_17_i686.manylinux2014_i686.whl", hash = "sha256:5eef3e11d7d6b800ef66da0cce8ea24f8be804d1ebf359683426cfe848729bf8", size = 13072240, upload-time = "2026-08-10T23:19:56.872Z" },
    { url = "https://files.pythonhosted.org/packages/f6/c4/1861e1d554e5b6e0d11b3a9f36d40c372253f44a3c4e56ad4bf840f2801e/ty-0.0.70-py3-none-manylinux_2_17_ppc64le.manylinux2014_ppc64le.whl", hash = "sha256:a95e4ae7c2599197c9d89652e49ca344ab224f7d12376e6ad8beb0587e8ff83f", size = 13497678, upload-time = "2026-08-10T23:19:59.191Z" },
    { url = "https://files.pythonhosted.org/packages/77/22/3b22442133e8f641485e59e463a070a31184db0d6456851f871db8f59763/ty-0.0.70-py3-none-manylinux_2_17_s390x.manylinux2014_s390x.whl", hash = "sha256:06aca758d1e0016c0a1f57fe9d8de7a21ff83f692306f747a0d97f32de24e27f", size = 13232510, upload-time = "2026-08-10T23:20:01.456Z" },
    { url = "https://files.pythonhosted.org/packages/84/b8/911f1e6885b5485b6e1d29aaab19ce5e6deeb3e931b6ad82296da4f22051/ty-0.0.70-py3-none-manylinux_2_17_x86_64.manylinux2014_x86_64.whl", hash = "sha256:d81825524f1b57ecbcb5fce7d61fb159cb4837a6167a4569309c9fa7fc15a77d", size = 12817128, upload-time = "2026-08-10T23:20:04.275Z" },
    { url = "https://files.pythonhosted.org/packages/e6/a6/9affc3ca11c32d75b348a66144ab83335fa7fa7100b1581356725e15a668/ty-0.0.70-py3-none-manylinux_2_31_riscv64.whl", hash = "sha256:3287dfb09f7320ef28f114f5f9aae5f697b7b1a6ee37fb2a4a3be94481c1b4f8", size = 13089208, upload-time = "2026-08-10T23:20:06.574Z" },
    { url = "https://files.pythonhosted.org/packages/f0/cb/4776108ea08ec4013b71375b101be9c8a632967cd10f24abbdd4664d66f4/ty-0.0.70-py3-none-musllinux_1_2_aarch64.whl", hash = "sha256:9fb1877f6401cdaac4db46c5bf762f327482ba5f891420ea462ebd15d0de4185", size = 12148890, upload-time = "2026-08-10T23:20:08.827Z" },
    { url = "https://files.pythonhosted.org/packages/c9/d9/814e71f698d9231ef6412bd2c1499d81c6f86f66c2764e952c991e2d6da5/ty-0.0.70-py3-none-musllinux_1_2_armv7l.whl", hash = "sha256:e78f4997dbb0db2d2270210eb3694466206e5b3a11985e24148770e702158a25", size = 12327084, upload-time = "2026-08-10T23:20:11.023Z" },
    { url = "https://files.pythonhosted.org/packages/3b/69/9f34bba534c5d1ace391d300ead4f1971f4348c5459e66dc466cfd60661c/ty-0.0.70-py3-none-musllinux_1_2_i686.whl", hash = "sha256:cf758d3b2dad910c9b1d22d2d62fea894b5bc9acd3c00365e8a73ace6090a452", size = 12604372, upload-time = "2026-08-10T23:20:13.366Z" },
    { url = "https://files.pythonhosted.org/packages/fe/ff/abb34674517b29a8e2489a39c4e01930fcf6aab993a7d6b33aa97f119117/ty-0.0.70-py3-none-musllinux_1_2_x86_64.whl", hash = "sha256:0d338761617279a4fb6a83e7fad7e21126394637b8c45e13e196b2bb675f39b2", size = 12917800, upload-time = "2026-08-10T23:20:15.841Z" },
    { url = "https://files.pythonhosted.org/packages/a4/1a/f8289572f4fad5cb16c883b94638548166bc78cf3eb569f0cd9199eb10a0/ty-0.0.70-py3-none-win32.whl", hash = "sha256:a45642cf09dde91f0a3ce9b9e6fffda9779ff69d73f7347c18acf4fb45007c07", size = 11921482, upload-time = "2026-08-10T23:20:18.244Z" },
    { url = "https://files.pythonhosted.org/packages/17/ae/8739d7618b4670c3ee4f52d641d53be87928bd121d8bda9c0e3450500b75/ty-0.0.70-py3-none-win_amd64.whl", hash = "sha256:33e7941a926cf39b82553911a59a6ed68ec98c3d3d5a415df633f4d1cd051e6c", size = 12986994, upload-time = "2026-08-10T23:20:20.53Z" },
    { url = "https://files.pythonhosted.org/packages/f1/44/2bc3301ba4356ad8866daac9f8cfb3687953e52d076ea204f113b9304c42/ty-0.0.70-py3-none-win_arm64.whl", hash = "sha256:0d380f735d52b1d4b773193f8f5c58c065725eab1ebb0008d38a7b830de14f47", size = 12301082, upload-time = "2026-08-10T23:20:23.816Z" },
]

[[package]]
name = "uv"
version = "0.12.3"
source = { registry = "https://pypi.org/simple" }
sdist = { url = "https://files.pythonhosted.org/packages/3c/fa/19a665278931fca142cf1c21927b18b36cffb5fd137bf5228f937a977f84/uv-0.12.3.tar.gz", hash = "sha256:1eb3fea456aea47489d92e10451c9129b7dd9fd8854c4eb17020ba68489d5d9a", size = 5877698, upload-time = "2026-08-07T16:33:32.486Z" }
wheels = [
    { url = "https://files.pythonhosted.org/packages/0e/b1/eabb1f57339a63630a9b195f8bcdbcca101f4f5cbc5556e6f592d6049d80/uv-0.12.3-py3-none-linux_armv6l.whl", hash = "sha256:0c0561cd369002a5968e138ea477e86507a337b3ede44f441c90d85ed2f54714", size = 21777249, upload-time = "2026-08-07T16:32:18.631Z" },
    { url = "https://files.pythonhosted.org/packages/ed/52/7d23602e140bdd5bb25ffa8bf3943a86688e8cd558a9894dfbb83728e943/uv-0.12.3-py3-none-macosx_10_12_x86_64.whl", hash = "sha256:0550669163cc67d5a7dc8e1702bc011e4a075a4ae52ad50891be654fc6635e0d", size = 20081726, upload-time = "2026-08-07T16:32:23.182Z" },
    { url = "https://files.pythonhosted.org/packages/e4/66/ba257c91d69921d773f523c9e4c3ffb04e233694c415517f5ef797403a4f/uv-0.12.3-py3-none-macosx_11_0_arm64.whl", hash = "sha256:7c99f2524fe4b11d74dec85cef9b4d8b725d142dec04cd237f1c06fbdae1ee54", size = 18426262, upload-time = "2026-08-07T16:32:27.55Z" },
    { url = "https://files.pythonhosted.org/packages/c4/e4/7e93226f4f33c3cc25dc942056f46be9c48e846338f8644a700123726dc8/uv-0.12.3-py3-none-manylinux_2_17_aarch64.manylinux2014_aarch64.musllinux_1_1_aarch64.whl", hash = "sha256:ac21bea426ddf95fa76d8dc1f67350faed7b4a81951825cf2aaef99fc4144815", size = 21156889, upload-time = "2026-08-07T16:32:31.447Z" },
    { url = "https://files.pythonhosted.org/packages/bd/b7/2504476931b7102cc6bfec5289efefe1279fe03964cb8ad7113691372605/uv-0.12.3-py3-none-manylinux_2_17_armv7l.manylinux2014_armv7l.musllinux_1_1_armv7l.whl", hash = "sha256:1e569258e17a536c1bd90a68935dc8250b0ecc81ba80efd814ed169c33de0f93", size = 21319192, upload-time = "2026-08-07T16:32:35.638Z" },
    { url = "https://files.pythonhosted.org/packages/e3/83/e9a93bf4d737bf00d7fa4e2a82ed0ed23bc30d44262127f5f8b9a4dd9150/uv-0.12.3-py3-none-manylinux_2_17_armv7l.manylinux2014_armv7l.whl", hash = "sha256:6c8e5a2d2ce4ea511293f919357c427dab0f12104ebfdd6602727f5c38958c22", size = 21334826, upload-time = "2026-08-07T16:32:40.034Z" },
    { url = "https://files.pythonhosted.org/packages/5a/ef/19215f66a02451ca2698062e98690d5f2a7e65574104ba04c188c4b59c70/uv-0.12.3-py3-none-manylinux_2_17_i686.manylinux2014_i686.whl", hash = "sha256:115e96e176fa3525ffb999572ec6041b915f15189403613ccefcc1f128f0ea0c", size = 22014926, upload-time = "2026-08-07T16:32:44.159Z" },
    { url = "https://files.pythonhosted.org/packages/7c/a3/38526a97a5d376c59955025e54740ae35a4c7d8d80c6dfbee13fae588964/uv-0.12.3-py3-none-manylinux_2_17_ppc64le.manylinux2014_ppc64le.whl", hash = "sha256:913dc068e906f459df892cac789e6e9e10ac9d6af0bbb3c36fcc09347b0c986c", size = 23248637, upload-time = "2026-08-07T16:32:48.342Z" },
    { url = "https://files.pythonhosted.org/packages/38/63/a7a98d075383669b6a3ff4ca410cb9c18b6d0921df1c524bd0859a8474fe/uv-0.12.3-py3-none-manylinux_2_17_s390x.manylinux2014_s390x.whl", hash = "sha256:77fa7f501baa7c4d097b0c424914d7924db8e54f882c4f40056228ecf56feb98", size = 22929428, upload-time = "2026-08-07T16:32:52.452Z" },
    { url = "https://files.pythonhosted.org/packages/8d/c4/97fdd4fca11d06633bb500849f70e4e6b201bcba3833894732e709be2d60/uv-0.12.3-py3-none-manylinux_2_17_x86_64.manylinux2014_x86_64.whl", hash = "sha256:1482d1462b1aecd18ee33627363fe1c63d6a194f12d40d37efc446d9e0d800a1", size = 22346263, upload-time = "2026-08-07T16:32:56.563Z" },
    { url = "https://files.pythonhosted.org/packages/c4/46/ab0906c8c3b6eeaf2412ab5af6077a38930db90e2c99c1b82e066f240a81/uv-0.12.3-py3-none-manylinux_2_28_aarch64.whl", hash = "sha256:248b6b282f96f98d79dddecd1b2acd1893efd84667321f26703feffff6433211", size = 21288225, upload-time = "2026-08-07T16:33:00.578Z" },
    { url = "https://files.pythonhosted.org/packages/2e/0f/f40530b0b336212fff1bc50887d263a9f03d8859e6c1c5210e11d104df10/uv-0.12.3-py3-none-manylinux_2_31_riscv64.musllinux_1_1_riscv64.whl", hash = "sha256:9201c7a1edadb07f64b695f17eac9db2d264eeb4b888c195aa11e7908d0ebf41", size = 21981757, upload-time = "2026-08-07T16:33:05.101Z" },
    { url = "https://files.pythonhosted.org/packages/0a/cf/240a3bebd15be490f867e155aa59522889d8d6310985421902f87d1fad99/uv-0.12.3-py3-none-manylinux_2_31_riscv64.whl", hash = "sha256:6114afd294411995a761c4cde0b721d550ff6d2fc2312046e8403eca6adacda5", size = 22117547, upload-time = "2026-08-07T16:33:09.124Z" },
    { url = "https://files.pythonhosted.org/packages/2f/da/fb143759f86b260f20634e11a27b9312eb6ff9c43c6756102e82875cd82d/uv-0.12.3-py3-none-musllinux_1_1_i686.whl", hash = "sha256:ba034f32abf966a101cf2434455faaf8d54dfacfff0d4b4c70d673f36e985728", size = 21255639, upload-time = "2026-08-07T16:33:13.38Z" },
    { url = "https://files.pythonhosted.org/packages/91/40/c1e0b626919792bf66847429d0c0bbf580a5f148a37268c10d9132f4871a/uv-0.12.3-py3-none-musllinux_1_1_x86_64.whl", hash = "sha256:13535c7d40faa7821c3763f5b6c605eef8556ea16277dc1a07a21203fd3c19e4", size = 22560342, upload-time = "2026-08-07T16:33:17.484Z" },
    { url = "https://files.pythonhosted.org/packages/fa/bf/246d088b4baf0239c8a06afa0ce155ce460942d08a9ac505fac5d0f99fe1/uv-0.12.3-py3-none-win32.whl", hash = "sha256:67b639a56dd36193b55a3bcea10f9dffcab37ed3c1eb26e964e52896df0bb205", size = 19420018, upload-time = "2026-08-07T16:33:21.544Z" },
    { url = "https://files.pythonhosted.org/packages/59/ed/3f816f972357578f1a21afdff8af9c93e87416afd0e150fc60be7eb280ab/uv-0.12.3-py3-none-win_amd64.whl", hash = "sha256:aeafd6e02b9a8d8beb447040bfc57ab172bdf244208f7147b4f7bbc327135797", size = 20215028, upload-time = "2026-08-07T16:33:25.751Z" },
    { url = "https://files.pythonhosted.org/packages/ff/63/0b08bf418b4d00e911465ad24a5f09040cc51247c362ffe56f859173e99f/uv-0.12.3-py3-none-win_arm64.whl", hash = "sha256:59121ef7217567adf4af41f7d3b04e42abb0c6a11bc87c930b838f9354f9c651", size = 19120228, upload-time = "2026-08-07T16:33:29.609Z" },
]
